
Microsoft Visual Studio Solution File, Format Version 12.00
# Visual Studio Version 17
VisualStudioVersion = 17.9.34728.123
MinimumVisualStudioVersion = 10.0.40219.1
Project("{9A19103F-16F7-4668-BE54-9A1E7A4F7556}") = "Blazor.API", "src\WebAPI\Blazor.API\Blazor.API.csproj", "{B1CF655B-67EC-45DE-B247-D48E1A870618}"
EndProject
Project("{9A19103F-16F7-4668-BE54-9A1E7A4F7556}") = "Blazor.Web", "src\Web\Blazor.Web\Blazor.Web.csproj", "{86F13AB5-C18B-4A0C-BE31-12DCCFF79046}"
EndProject
Project("{9A19103F-16F7-4668-BE54-9A1E7A4F7556}") = "Shared.Lib", "src\Shared\Shared.Lib\Shared.Lib.csproj", "{81B5C996-BBF2-48CD-8FDB-CD498A92041B}"
EndProject
Global
	GlobalSection(SolutionConfigurationPlatforms) = preSolution
		Debug|Any CPU = Debug|Any CPU
		Release|Any CPU = Release|Any CPU
	EndGlobalSection
	GlobalSection(ProjectConfigurationPlatforms) = postSolution
		{B1CF655B-67EC-45DE-B247-D48E1A870618}.Debug|Any CPU.ActiveCfg = Debug|Any CPU
		{B1CF655B-67EC-45DE-B247-D48E1A870618}.Debug|Any CPU.Build.0 = Debug|Any CPU
		{B1CF655B-67EC-45DE-B247-D48E1A870618}.Release|Any CPU.ActiveCfg = Release|Any CPU
		{B1CF655B-67EC-45DE-B247-D48E1A870618}.Release|Any CPU.Build.0 = Release|Any CPU
		{86F13AB5-C18B-4A0C-BE31-12DCCFF79046}.Debug|Any CPU.ActiveCfg = Debug|Any CPU
		{86F13AB5-C18B-4A0C-BE31-12DCCFF79046}.Debug|Any CPU.Build.0 = Debug|Any CPU
		{86F13AB5-C18B-4A0C-BE31-12DCCFF79046}.Release|Any CPU.ActiveCfg = Release|Any CPU
		{86F13AB5-C18B-4A0C-BE31-12DCCFF79046}.Release|Any CPU.Build.0 = Release|Any CPU
		{81B5C996-BBF2-48CD-8FDB-CD498A92041B}.Debug|Any CPU.ActiveCfg = Debug|Any CPU
		{81B5C996-BBF2-48CD-8FDB-CD498A92041B}.Debug|Any CPU.Build.0 = Debug|Any CPU
		{81B5C996-BBF2-48CD-8FDB-CD498A92041B}.Release|Any CPU.ActiveCfg = Release|Any CPU
		{81B5C996-BBF2-48CD-8FDB-CD498A92041B}.Release|Any CPU.Build.0 = Release|Any CPU
	EndGlobalSection
	GlobalSection(SolutionProperties) = preSolution
		HideSolutionNode = FALSE
	EndGlobalSection
	GlobalSection(ExtensibilityGlobals) = postSolution
		SolutionGuid = {EB8DF0B1-84E2-4B0E-8ADF-CF7377BDABEB}
	EndGlobalSection
EndGlobal
